
Microsoft Visual Studio Solution File, Format Version 12.00
# Visual Studio Version 16
VisualStudioVersion = 16.0.29230.47
MinimumVisualStudioVersion = 10.0.40219.1
Project("{9A19103F-16F7-4668-BE54-9A1E7A4F7556}") = "StudentsManager.Services", "StudentsManager.Services\StudentsManager.Services.csproj", "{CA369BD0-CAAB-4570-BBD0-680814BD7668}"
EndProject
Project("{9A19103F-16F7-4668-BE54-9A1E7A4F7556}") = "StudentsManager.Core", "StudentsManager.Core\StudentsManager.Core.csproj", "{A82EE336-AAD9-400F-B65F-0CD21B0BF9BE}"
EndProject
Project("{FAE04EC0-301F-11D3-BF4B-00C04F79EFBC}") = "StudentsManager.Api", "StudentsManager.Api\StudentsManager.Api.csproj", "{0144D6C4-BCCA-4822-BD3C-71CF5668A4E3}"
EndProject
Global
	GlobalSection(SolutionConfigurationPlatforms) = preSolution
		Debug|Any CPU = Debug|Any CPU
		Release|Any CPU = Release|Any CPU
	EndGlobalSection
	GlobalSection(ProjectConfigurationPlatforms) = postSolution
		{CA369BD0-CAAB-4570-BBD0-680814BD7668}.Debug|Any CPU.ActiveCfg = Debug|Any CPU
		{CA369BD0-CAAB-4570-BBD0-680814BD7668}.Debug|Any CPU.Build.0 = Debug|Any CPU
		{CA369BD0-CAAB-4570-BBD0-680814BD7668}.Release|Any CPU.ActiveCfg = Release|Any CPU
		{CA369BD0-CAAB-4570-BBD0-680814BD7668}.Release|Any CPU.Build.0 = Release|Any CPU
		{A82EE336-AAD9-400F-B65F-0CD21B0BF9BE}.Debug|Any CPU.ActiveCfg = Debug|Any CPU
		{A82EE336-AAD9-400F-B65F-0CD21B0BF9BE}.Debug|Any CPU.Build.0 = Debug|Any CPU
		{A82EE336-AAD9-400F-B65F-0CD21B0BF9BE}.Release|Any CPU.ActiveCfg = Release|Any CPU
		{A82EE336-AAD9-400F-B65F-0CD21B0BF9BE}.Release|Any CPU.Build.0 = Release|Any CPU
		{0144D6C4-BCCA-4822-BD3C-71CF5668A4E3}.Debug|Any CPU.ActiveCfg = Debug|Any CPU
		{0144D6C4-BCCA-4822-BD3C-71CF5668A4E3}.Debug|Any CPU.Build.0 = Debug|Any CPU
		{0144D6C4-BCCA-4822-BD3C-71CF5668A4E3}.Release|Any CPU.ActiveCfg = Release|Any CPU
		{0144D6C4-BCCA-4822-BD3C-71CF5668A4E3}.Release|Any CPU.Build.0 = Release|Any CPU
	EndGlobalSection
	GlobalSection(SolutionProperties) = preSolution
		HideSolutionNode = FALSE
	EndGlobalSection
	GlobalSection(ExtensibilityGlobals) = postSolution
		SolutionGuid = {3DDA51E3-B3CF-4127-89EF-602B48DD1389}
	EndGlobalSection
EndGlobal
